
Microsoft Visual Studio Solution File, Format Version 12.00
# Visual Studio Version 17
VisualStudioVersion = 17.8.34330.188
MinimumVisualStudioVersion = 10.0.40219.1
Project("{9A19103F-16F7-4668-BE54-9A1E7A4F7556}") = "CSDotNetTranning.ConsoleApp", "CSDotNetTranning.ConsoleApp\CSDotNetTranning.ConsoleApp.csproj", "{F34D8C52-E575-4FE3-8F58-C70DDD3762FC}"
EndProject
Project("{9A19103F-16F7-4668-BE54-9A1E7A4F7556}") = "CSDotNetTraining.WebApi", "CSDotNetTraining.WebApi\CSDotNetTraining.WebApi.csproj", "{BA14EEEB-B366-4B6F-BF14-B78C6637FBAB}"
EndProject
Project("{9A19103F-16F7-4668-BE54-9A1E7A4F7556}") = "CSDotNetTranning.BirdApi", "CSDotNetTranningBirdAPI\CSDotNetTranning.BirdApi.csproj", "{DA0F5E64-3C64-4AD7-B0AE-BE509940F7FC}"
EndProject
Project("{9A19103F-16F7-4668-BE54-9A1E7A4F7556}") = "CSDotNetTranning.MVCApp", "CSDotNetTranning.MVCApp\CSDotNetTranning.MVCApp.csproj", "{6F1CC44F-D2BB-4666-ADF7-BD288EFB5A5C}"
EndProject
Project("{9A19103F-16F7-4668-BE54-9A1E7A4F7556}") = "MissingHistoricalRecords.WebApi", "MissingHistoricalRecords.WebApi\MissingHistoricalRecords.WebApi.csproj", "{C24E7131-855D-4AF4-BB52-9DD33BDE2D8F}"
EndProject
Global
	GlobalSection(SolutionConfigurationPlatforms) = preSolution
		Debug|Any CPU = Debug|Any CPU
		Release|Any CPU = Release|Any CPU
	EndGlobalSection
	GlobalSection(ProjectConfigurationPlatforms) = postSolution
		{F34D8C52-E575-4FE3-8F58-C70DDD3762FC}.Debug|Any CPU.ActiveCfg = Debug|Any CPU
		{F34D8C52-E575-4FE3-8F58-C70DDD3762FC}.Debug|Any CPU.Build.0 = Debug|Any CPU
		{F34D8C52-E575-4FE3-8F58-C70DDD3762FC}.Release|Any CPU.ActiveCfg = Release|Any CPU
		{F34D8C52-E575-4FE3-8F58-C70DDD3762FC}.Release|Any CPU.Build.0 = Release|Any CPU
		{BA14EEEB-B366-4B6F-BF14-B78C6637FBAB}.Debug|Any CPU.ActiveCfg = Debug|Any CPU
		{BA14EEEB-B366-4B6F-BF14-B78C6637FBAB}.Debug|Any CPU.Build.0 = Debug|Any CPU
		{BA14EEEB-B366-4B6F-BF14-B78C6637FBAB}.Release|Any CPU.ActiveCfg = Release|Any CPU
		{BA14EEEB-B366-4B6F-BF14-B78C6637FBAB}.Release|Any CPU.Build.0 = Release|Any CPU
		{DA0F5E64-3C64-4AD7-B0AE-BE509940F7FC}.Debug|Any CPU.ActiveCfg = Debug|Any CPU
		{DA0F5E64-3C64-4AD7-B0AE-BE509940F7FC}.Debug|Any CPU.Build.0 = Debug|Any CPU
		{DA0F5E64-3C64-4AD7-B0AE-BE509940F7FC}.Release|Any CPU.ActiveCfg = Release|Any CPU
		{DA0F5E64-3C64-4AD7-B0AE-BE509940F7FC}.Release|Any CPU.Build.0 = Release|Any CPU
		{6F1CC44F-D2BB-4666-ADF7-BD288EFB5A5C}.Debug|Any CPU.ActiveCfg = Debug|Any CPU
		{6F1CC44F-D2BB-4666-ADF7-BD288EFB5A5C}.Debug|Any CPU.Build.0 = Debug|Any CPU
		{6F1CC44F-D2BB-4666-ADF7-BD288EFB5A5C}.Release|Any CPU.ActiveCfg = Release|Any CPU
		{6F1CC44F-D2BB-4666-ADF7-BD288EFB5A5C}.Release|Any CPU.Build.0 = Release|Any CPU
		{C24E7131-855D-4AF4-BB52-9DD33BDE2D8F}.Debug|Any CPU.ActiveCfg = Debug|Any CPU
		{C24E7131-855D-4AF4-BB52-9DD33BDE2D8F}.Debug|Any CPU.Build.0 = Debug|Any CPU
		{C24E7131-855D-4AF4-BB52-9DD33BDE2D8F}.Release|Any CPU.ActiveCfg = Release|Any CPU
		{C24E7131-855D-4AF4-BB52-9DD33BDE2D8F}.Release|Any CPU.Build.0 = Release|Any CPU
	EndGlobalSection
	GlobalSection(SolutionProperties) = preSolution
		HideSolutionNode = FALSE
	EndGlobalSection
	GlobalSection(ExtensibilityGlobals) = postSolution
		SolutionGuid = {D35260CC-E097-410C-B3E9-BBA75BEDD6FB}
	EndGlobalSection
EndGlobal
